{
  "name": "flask-noAI",
  "lockfileVersion": 3,
  "requires": true,
  "packages": {
    "": {
      "dependencies": {
        "@svelte-web-fonts/google": "^1.0.4"
      },
      "devDependencies": {
        "@fontsource/montserrat": "^5.2.6"
      }
    },
    "node_modules/@fontsource/montserrat": {
      "version": "5.2.6",
      "resolved": "https://registry.npmjs.org/@fontsource/montserrat/-/montserrat-5.2.6.tgz",
      "integrity": "sha512-AfFxq1q5tgkOsjQfMFsh95uMXh39VbGOuBLlHLFg16/txv93lqK7Sr6jev0neuJzZy1kqRG16SH6xpUYnk4cZg==",
      "dev": true,
      "license": "OFL-1.1",
      "funding": {
        "url": "https://github.com/sponsors/ayuhito"
      }
    },
    "node_modules/@svelte-web-fonts/google": {
      "version": "1.0.4",
      "resolved": "https://registry.npmjs.org/@svelte-web-fonts/google/-/google-1.0.4.tgz",
      "integrity": "sha512-Eb9iv9x31BLm8ORwt7mB4G/7Cm+OY0BjczmaYGAzs3nDNYbTapg44bDBNZrn89dTH6Jc5PhyswigVAIXkNcROQ==",
      "license": "MIT"
    }
  }
}
